
Microsoft Visual Studio Solution File, Format Version 11.00
# Visual Studio 2010
Project("{FAE04EC0-301F-11D3-BF4B-00C04F79EFBC}") = "FreeCell.Console", "FreeCell.Console\FreeCell.Console.csproj", "{08E392E8-0C62-487F-8B2C-B58EBEE199DD}"
EndProject
Project("{F2A71F9B-5D33-465A-A702-920D77279786}") = "FreeCell Solver", "FreeCell Solver\FreeCell Solver.fsproj", "{42456251-791E-4B05-B2BF-CCD3A403EC23}"
EndProject
Project("{FAE04EC0-301F-11D3-BF4B-00C04F79EFBC}") = "FreeCell Web", "FreeCell Web\FreeCell Web.csproj", "{C17CD8EE-5584-4079-A087-56F2F8D40EEB}"
EndProject
Project("{FAE04EC0-301F-11D3-BF4B-00C04F79EFBC}") = "FreeCell.Core", "FreeCell.Core\FreeCell.Core.csproj", "{DA1378A2-5AD0-43B0-A0B9-DBF7BDF3DB85}"
EndProject
Project("{FAE04EC0-301F-11D3-BF4B-00C04F79EFBC}") = "FreeCell.Game", "FreeCell.Game\FreeCell.Game.csproj", "{BDED0A4C-D593-430D-8EFE-2F7AF3E7E5F8}"
EndProject
Global
	GlobalSection(TeamFoundationVersionControl) = preSolution
		SccNumberOfProjects = 6
		SccEnterpriseProvider = {4CA58AB2-18FA-4F8D-95D4-32DDF27D184C}
		SccTeamFoundationServer = http://origami.dnsalias.com:8080/tfs/defaultcollection
		SccLocalPath0 = .
		SccProjectUniqueName1 = FreeCell\u0020Solver\\FreeCell\u0020Solver.fsproj
		SccProjectName1 = FreeCell\u0020Solver
		SccLocalPath1 = FreeCell\u0020Solver
		SccProjectUniqueName2 = FreeCell.Console\\FreeCell.Console.csproj
		SccProjectName2 = FreeCell.Console
		SccLocalPath2 = FreeCell.Console
		SccProjectUniqueName3 = FreeCell\u0020Web\\FreeCell\u0020Web.csproj
		SccProjectName3 = FreeCell\u0020Web
		SccLocalPath3 = FreeCell\u0020Web
		SccProjectUniqueName4 = FreeCell.Core\\FreeCell.Core.csproj
		SccProjectName4 = FreeCell.Core
		SccLocalPath4 = FreeCell.Core
		SccProjectUniqueName5 = FreeCell.Game\\FreeCell.Game.csproj
		SccProjectName5 = FreeCell.Game
		SccLocalPath5 = FreeCell.Game
	EndGlobalSection
	GlobalSection(TestCaseManagementSettings) = postSolution
		CategoryFile = FreeCell.vsmdi
	EndGlobalSection
	GlobalSection(SolutionConfigurationPlatforms) = preSolution
		Debug|Any CPU = Debug|Any CPU
		Debug|Mixed Platforms = Debug|Mixed Platforms
		Debug|x86 = Debug|x86
		Release|Any CPU = Release|Any CPU
		Release|Mixed Platforms = Release|Mixed Platforms
		Release|x86 = Release|x86
	EndGlobalSection
	GlobalSection(ProjectConfigurationPlatforms) = postSolution
		{08E392E8-0C62-487F-8B2C-B58EBEE199DD}.Debug|Any CPU.ActiveCfg = Debug|x86
		{08E392E8-0C62-487F-8B2C-B58EBEE199DD}.Debug|Mixed Platforms.ActiveCfg = Debug|x86
		{08E392E8-0C62-487F-8B2C-B58EBEE199DD}.Debug|Mixed Platforms.Build.0 = Debug|x86
		{08E392E8-0C62-487F-8B2C-B58EBEE199DD}.Debug|x86.ActiveCfg = Debug|x86
		{08E392E8-0C62-487F-8B2C-B58EBEE199DD}.Debug|x86.Build.0 = Debug|x86
		{08E392E8-0C62-487F-8B2C-B58EBEE199DD}.Release|Any CPU.ActiveCfg = Release|x86
		{08E392E8-0C62-487F-8B2C-B58EBEE199DD}.Release|Mixed Platforms.ActiveCfg = Release|x86
		{08E392E8-0C62-487F-8B2C-B58EBEE199DD}.Release|Mixed Platforms.Build.0 = Release|x86
		{08E392E8-0C62-487F-8B2C-B58EBEE199DD}.Release|x86.ActiveCfg = Release|x86
		{08E392E8-0C62-487F-8B2C-B58EBEE199DD}.Release|x86.Build.0 = Release|x86
		{42456251-791E-4B05-B2BF-CCD3A403EC23}.Debug|Any CPU.ActiveCfg = Debug|x86
		{42456251-791E-4B05-B2BF-CCD3A403EC23}.Debug|Mixed Platforms.ActiveCfg = Debug|x86
		{42456251-791E-4B05-B2BF-CCD3A403EC23}.Debug|Mixed Platforms.Build.0 = Debug|x86
		{42456251-791E-4B05-B2BF-CCD3A403EC23}.Debug|x86.ActiveCfg = Debug|x86
		{42456251-791E-4B05-B2BF-CCD3A403EC23}.Debug|x86.Build.0 = Debug|x86
		{42456251-791E-4B05-B2BF-CCD3A403EC23}.Release|Any CPU.ActiveCfg = Release|x86
		{42456251-791E-4B05-B2BF-CCD3A403EC23}.Release|Mixed Platforms.ActiveCfg = Release|x86
		{42456251-791E-4B05-B2BF-CCD3A403EC23}.Release|Mixed Platforms.Build.0 = Release|x86
		{42456251-791E-4B05-B2BF-CCD3A403EC23}.Release|x86.ActiveCfg = Release|x86
		{42456251-791E-4B05-B2BF-CCD3A403EC23}.Release|x86.Build.0 = Release|x86
		{C17CD8EE-5584-4079-A087-56F2F8D40EEB}.Debug|Any CPU.ActiveCfg = Debug|Any CPU
		{C17CD8EE-5584-4079-A087-56F2F8D40EEB}.Debug|Any CPU.Build.0 = Debug|Any CPU
		{C17CD8EE-5584-4079-A087-56F2F8D40EEB}.Debug|Mixed Platforms.ActiveCfg = Debug|Any CPU
		{C17CD8EE-5584-4079-A087-56F2F8D40EEB}.Debug|Mixed Platforms.Build.0 = Debug|Any CPU
		{C17CD8EE-5584-4079-A087-56F2F8D40EEB}.Debug|x86.ActiveCfg = Debug|Any CPU
		{C17CD8EE-5584-4079-A087-56F2F8D40EEB}.Release|Any CPU.ActiveCfg = Release|Any CPU
		{C17CD8EE-5584-4079-A087-56F2F8D40EEB}.Release|Any CPU.Build.0 = Release|Any CPU
		{C17CD8EE-5584-4079-A087-56F2F8D40EEB}.Release|Mixed Platforms.ActiveCfg = Release|Any CPU
		{C17CD8EE-5584-4079-A087-56F2F8D40EEB}.Release|Mixed Platforms.Build.0 = Release|Any CPU
		{C17CD8EE-5584-4079-A087-56F2F8D40EEB}.Release|x86.ActiveCfg = Release|Any CPU
		{DA1378A2-5AD0-43B0-A0B9-DBF7BDF3DB85}.Debug|Any CPU.ActiveCfg = Debug|Any CPU
		{DA1378A2-5AD0-43B0-A0B9-DBF7BDF3DB85}.Debug|Any CPU.Build.0 = Debug|Any CPU
		{DA1378A2-5AD0-43B0-A0B9-DBF7BDF3DB85}.Debug|Mixed Platforms.ActiveCfg = Debug|Any CPU
		{DA1378A2-5AD0-43B0-A0B9-DBF7BDF3DB85}.Debug|Mixed Platforms.Build.0 = Debug|Any CPU
		{DA1378A2-5AD0-43B0-A0B9-DBF7BDF3DB85}.Debug|x86.ActiveCfg = Debug|Any CPU
		{DA1378A2-5AD0-43B0-A0B9-DBF7BDF3DB85}.Release|Any CPU.ActiveCfg = Release|Any CPU
		{DA1378A2-5AD0-43B0-A0B9-DBF7BDF3DB85}.Release|Any CPU.Build.0 = Release|Any CPU
		{DA1378A2-5AD0-43B0-A0B9-DBF7BDF3DB85}.Release|Mixed Platforms.ActiveCfg = Release|Any CPU
		{DA1378A2-5AD0-43B0-A0B9-DBF7BDF3DB85}.Release|Mixed Platforms.Build.0 = Release|Any CPU
		{DA1378A2-5AD0-43B0-A0B9-DBF7BDF3DB85}.Release|x86.ActiveCfg = Release|Any CPU
		{BDED0A4C-D593-430D-8EFE-2F7AF3E7E5F8}.Debug|Any CPU.ActiveCfg = Debug|x86
		{BDED0A4C-D593-430D-8EFE-2F7AF3E7E5F8}.Debug|Mixed Platforms.ActiveCfg = Debug|x86
		{BDED0A4C-D593-430D-8EFE-2F7AF3E7E5F8}.Debug|Mixed Platforms.Build.0 = Debug|x86
		{BDED0A4C-D593-430D-8EFE-2F7AF3E7E5F8}.Debug|x86.ActiveCfg = Debug|x86
		{BDED0A4C-D593-430D-8EFE-2F7AF3E7E5F8}.Debug|x86.Build.0 = Debug|x86
		{BDED0A4C-D593-430D-8EFE-2F7AF3E7E5F8}.Release|Any CPU.ActiveCfg = Release|x86
		{BDED0A4C-D593-430D-8EFE-2F7AF3E7E5F8}.Release|Mixed Platforms.ActiveCfg = Release|x86
		{BDED0A4C-D593-430D-8EFE-2F7AF3E7E5F8}.Release|Mixed Platforms.Build.0 = Release|x86
		{BDED0A4C-D593-430D-8EFE-2F7AF3E7E5F8}.Release|x86.ActiveCfg = Release|x86
		{BDED0A4C-D593-430D-8EFE-2F7AF3E7E5F8}.Release|x86.Build.0 = Release|x86
	EndGlobalSection
	GlobalSection(SolutionProperties) = preSolution
		HideSolutionNode = FALSE
	EndGlobalSection
EndGlobal
